
Microsoft Visual Studio Solution File, Format Version 12.00
# Visual Studio Version 16
VisualStudioVersion = 16.0.29806.167
MinimumVisualStudioVersion = 10.0.40219.1
Project("{8BC9CEB8-8B4A-11D0-8D11-00A0C91BC942}") = "code lab 1", "code lab 1.vcxproj", "{855D4640-40C2-49DC-8C88-FBE00CE94C41}"
EndProject
Global
	GlobalSection(SolutionConfigurationPlatforms) = preSolution
		Debug|x64 = Debug|x64
		Debug|x86 = Debug|x86
		Release|x64 = Release|x64
		Release|x86 = Release|x86
	EndGlobalSection
	GlobalSection(ProjectConfigurationPlatforms) = postSolution
		{855D4640-40C2-49DC-8C88-FBE00CE94C41}.Debug|x64.ActiveCfg = Debug|x64
		{855D4640-40C2-49DC-8C88-FBE00CE94C41}.Debug|x64.Build.0 = Debug|x64
		{855D4640-40C2-49DC-8C88-FBE00CE94C41}.Debug|x86.ActiveCfg = Debug|Win32
		{855D4640-40C2-49DC-8C88-FBE00CE94C41}.Debug|x86.Build.0 = Debug|Win32
		{855D4640-40C2-49DC-8C88-FBE00CE94C41}.Release|x64.ActiveCfg = Release|x64
		{855D4640-40C2-49DC-8C88-FBE00CE94C41}.Release|x64.Build.0 = Release|x64
		{855D4640-40C2-49DC-8C88-FBE00CE94C41}.Release|x86.ActiveCfg = Release|Win32
		{855D4640-40C2-49DC-8C88-FBE00CE94C41}.Release|x86.Build.0 = Release|Win32
	EndGlobalSection
	GlobalSection(SolutionProperties) = preSolution
		HideSolutionNode = FALSE
	EndGlobalSection
	GlobalSection(ExtensibilityGlobals) = postSolution
		SolutionGuid = {7F200C8C-95BF-4C7A-ACD9-79F8D98E5187}
	EndGlobalSection
EndGlobal
